
Microsoft Visual Studio Solution File, Format Version 12.00
# Visual Studio Version 16
VisualStudioVersion = 16.0.30517.126
MinimumVisualStudioVersion = 10.0.40219.1
Project("{9A19103F-16F7-4668-BE54-9A1E7A4F7556}") = "Facultad", "Facultad\Facultad.csproj", "{BE0CAD08-B9B4-4F4F-89C5-9C18E3E1DDFE}"
EndProject
Project("{FAE04EC0-301F-11D3-BF4B-00C04F79EFBC}") = "XUnitTestCareer", "XUnitTestCareer\XUnitTestCareer.csproj", "{1E35F3D7-BB81-4F63-B15A-0AA16FB41AFF}"
EndProject
Global
	GlobalSection(SolutionConfigurationPlatforms) = preSolution
		Debug|Any CPU = Debug|Any CPU
		Release|Any CPU = Release|Any CPU
	EndGlobalSection
	GlobalSection(ProjectConfigurationPlatforms) = postSolution
		{BE0CAD08-B9B4-4F4F-89C5-9C18E3E1DDFE}.Debug|Any CPU.ActiveCfg = Debug|Any CPU
		{BE0CAD08-B9B4-4F4F-89C5-9C18E3E1DDFE}.Debug|Any CPU.Build.0 = Debug|Any CPU
		{BE0CAD08-B9B4-4F4F-89C5-9C18E3E1DDFE}.Release|Any CPU.ActiveCfg = Release|Any CPU
		{BE0CAD08-B9B4-4F4F-89C5-9C18E3E1DDFE}.Release|Any CPU.Build.0 = Release|Any CPU
		{1E35F3D7-BB81-4F63-B15A-0AA16FB41AFF}.Debug|Any CPU.ActiveCfg = Debug|Any CPU
		{1E35F3D7-BB81-4F63-B15A-0AA16FB41AFF}.Debug|Any CPU.Build.0 = Debug|Any CPU
		{1E35F3D7-BB81-4F63-B15A-0AA16FB41AFF}.Release|Any CPU.ActiveCfg = Release|Any CPU
		{1E35F3D7-BB81-4F63-B15A-0AA16FB41AFF}.Release|Any CPU.Build.0 = Release|Any CPU
	EndGlobalSection
	GlobalSection(SolutionProperties) = preSolution
		HideSolutionNode = FALSE
	EndGlobalSection
	GlobalSection(ExtensibilityGlobals) = postSolution
		SolutionGuid = {777BB0CE-6AB1-487E-9F5C-AD022D5C81EB}
	EndGlobalSection
EndGlobal
